
Microsoft Visual Studio Solution File, Format Version 12.00
# Visual Studio 15
VisualStudioVersion = 15.0.27703.2042
MinimumVisualStudioVersion = 10.0.40219.1
Project("{FAE04EC0-301F-11D3-BF4B-00C04F79EFBC}") = "DAL", "DAl\DAL.csproj", "{001B15FB-205B-42DC-913D-5304EB589681}"
EndProject
Project("{FAE04EC0-301F-11D3-BF4B-00C04F79EFBC}") = "BE", "BE\BE.csproj", "{DD8FD81D-386C-4574-9B1D-734638F83E72}"
EndProject
Project("{FAE04EC0-301F-11D3-BF4B-00C04F79EFBC}") = "BL", "BL\BL.csproj", "{941DF194-C149-4107-9958-D1B3C2FF6F3B}"
EndProject
Project("{FAE04EC0-301F-11D3-BF4B-00C04F79EFBC}") = "DS", "DS\DS.csproj", "{26EBADBB-48DB-40CD-B55F-900622247B92}"
EndProject
Project("{2150E333-8FDC-42A3-9474-1A3956D46DE8}") = "Solution Items", "Solution Items", "{EAF7042D-6670-4525-A93D-21DB52F3BC2B}"
EndProject
Project("{FAE04EC0-301F-11D3-BF4B-00C04F79EFBC}") = "PLConsole", "PLConsole\PLConsole.csproj", "{86499DA5-EC40-45D2-AAD7-B68BE4FA1216}"
EndProject
Global
	GlobalSection(SolutionConfigurationPlatforms) = preSolution
		Debug|Any CPU = Debug|Any CPU
		Debug|ARM = Debug|ARM
		Debug|x64 = Debug|x64
		Debug|x86 = Debug|x86
		Release|Any CPU = Release|Any CPU
		Release|ARM = Release|ARM
		Release|x64 = Release|x64
		Release|x86 = Release|x86
	EndGlobalSection
	GlobalSection(ProjectConfigurationPlatforms) = postSolution
		{001B15FB-205B-42DC-913D-5304EB589681}.Debug|Any CPU.ActiveCfg = Debug|Any CPU
		{001B15FB-205B-42DC-913D-5304EB589681}.Debug|Any CPU.Build.0 = Debug|Any CPU
		{001B15FB-205B-42DC-913D-5304EB589681}.Debug|ARM.ActiveCfg = Debug|Any CPU
		{001B15FB-205B-42DC-913D-5304EB589681}.Debug|ARM.Build.0 = Debug|Any CPU
		{001B15FB-205B-42DC-913D-5304EB589681}.Debug|x64.ActiveCfg = Debug|Any CPU
		{001B15FB-205B-42DC-913D-5304EB589681}.Debug|x64.Build.0 = Debug|Any CPU
		{001B15FB-205B-42DC-913D-5304EB589681}.Debug|x86.ActiveCfg = Debug|Any CPU
		{001B15FB-205B-42DC-913D-5304EB589681}.Debug|x86.Build.0 = Debug|Any CPU
		{001B15FB-205B-42DC-913D-5304EB589681}.Release|Any CPU.ActiveCfg = Release|Any CPU
		{001B15FB-205B-42DC-913D-5304EB589681}.Release|Any CPU.Build.0 = Release|Any CPU
		{001B15FB-205B-42DC-913D-5304EB589681}.Release|ARM.ActiveCfg = Release|Any CPU
		{001B15FB-205B-42DC-913D-5304EB589681}.Release|ARM.Build.0 = Release|Any CPU
		{001B15FB-205B-42DC-913D-5304EB589681}.Release|x64.ActiveCfg = Release|Any CPU
		{001B15FB-205B-42DC-913D-5304EB589681}.Release|x64.Build.0 = Release|Any CPU
		{001B15FB-205B-42DC-913D-5304EB589681}.Release|x86.ActiveCfg = Release|Any CPU
		{001B15FB-205B-42DC-913D-5304EB589681}.Release|x86.Build.0 = Release|Any CPU
		{DD8FD81D-386C-4574-9B1D-734638F83E72}.Debug|Any CPU.ActiveCfg = Debug|Any CPU
		{DD8FD81D-386C-4574-9B1D-734638F83E72}.Debug|Any CPU.Build.0 = Debug|Any CPU
		{DD8FD81D-386C-4574-9B1D-734638F83E72}.Debug|ARM.ActiveCfg = Debug|Any CPU
		{DD8FD81D-386C-4574-9B1D-734638F83E72}.Debug|ARM.Build.0 = Debug|Any CPU
		{DD8FD81D-386C-4574-9B1D-734638F83E72}.Debug|x64.ActiveCfg = Debug|Any CPU
		{DD8FD81D-386C-4574-9B1D-734638F83E72}.Debug|x64.Build.0 = Debug|Any CPU
		{DD8FD81D-386C-4574-9B1D-734638F83E72}.Debug|x86.ActiveCfg = Debug|Any CPU
		{DD8FD81D-386C-4574-9B1D-734638F83E72}.Debug|x86.Build.0 = Debug|Any CPU
		{DD8FD81D-386C-4574-9B1D-734638F83E72}.Release|Any CPU.ActiveCfg = Release|Any CPU
		{DD8FD81D-386C-4574-9B1D-734638F83E72}.Release|Any CPU.Build.0 = Release|Any CPU
		{DD8FD81D-386C-4574-9B1D-734638F83E72}.Release|ARM.ActiveCfg = Release|Any CPU
		{DD8FD81D-386C-4574-9B1D-734638F83E72}.Release|ARM.Build.0 = Release|Any CPU
		{DD8FD81D-386C-4574-9B1D-734638F83E72}.Release|x64.ActiveCfg = Release|Any CPU
		{DD8FD81D-386C-4574-9B1D-734638F83E72}.Release|x64.Build.0 = Release|Any CPU
		{DD8FD81D-386C-4574-9B1D-734638F83E72}.Release|x86.ActiveCfg = Release|Any CPU
		{DD8FD81D-386C-4574-9B1D-734638F83E72}.Release|x86.Build.0 = Release|Any CPU
		{941DF194-C149-4107-9958-D1B3C2FF6F3B}.Debug|Any CPU.ActiveCfg = Debug|Any CPU
		{941DF194-C149-4107-9958-D1B3C2FF6F3B}.Debug|Any CPU.Build.0 = Debug|Any CPU
		{941DF194-C149-4107-9958-D1B3C2FF6F3B}.Debug|ARM.ActiveCfg = Debug|Any CPU
		{941DF194-C149-4107-9958-D1B3C2FF6F3B}.Debug|ARM.Build.0 = Debug|Any CPU
		{941DF194-C149-4107-9958-D1B3C2FF6F3B}.Debug|x64.ActiveCfg = Debug|Any CPU
		{941DF194-C149-4107-9958-D1B3C2FF6F3B}.Debug|x64.Build.0 = Debug|Any CPU
		{941DF194-C149-4107-9958-D1B3C2FF6F3B}.Debug|x86.ActiveCfg = Debug|Any CPU
		{941DF194-C149-4107-9958-D1B3C2FF6F3B}.Debug|x86.Build.0 = Debug|Any CPU
		{941DF194-C149-4107-9958-D1B3C2FF6F3B}.Release|Any CPU.ActiveCfg = Release|Any CPU
		{941DF194-C149-4107-9958-D1B3C2FF6F3B}.Release|Any CPU.Build.0 = Release|Any CPU
		{941DF194-C149-4107-9958-D1B3C2FF6F3B}.Release|ARM.ActiveCfg = Release|Any CPU
		{941DF194-C149-4107-9958-D1B3C2FF6F3B}.Release|ARM.Build.0 = Release|Any CPU
		{941DF194-C149-4107-9958-D1B3C2FF6F3B}.Release|x64.ActiveCfg = Release|Any CPU
		{941DF194-C149-4107-9958-D1B3C2FF6F3B}.Release|x64.Build.0 = Release|Any CPU
		{941DF194-C149-4107-9958-D1B3C2FF6F3B}.Release|x86.ActiveCfg = Release|Any CPU
		{941DF194-C149-4107-9958-D1B3C2FF6F3B}.Release|x86.Build.0 = Release|Any CPU
		{26EBADBB-48DB-40CD-B55F-900622247B92}.Debug|Any CPU.ActiveCfg = Debug|Any CPU
		{26EBADBB-48DB-40CD-B55F-900622247B92}.Debug|Any CPU.Build.0 = Debug|Any CPU
		{26EBADBB-48DB-40CD-B55F-900622247B92}.Debug|ARM.ActiveCfg = Debug|Any CPU
		{26EBADBB-48DB-40CD-B55F-900622247B92}.Debug|ARM.Build.0 = Debug|Any CPU
		{26EBADBB-48DB-40CD-B55F-900622247B92}.Debug|x64.ActiveCfg = Debug|Any CPU
		{26EBADBB-48DB-40CD-B55F-900622247B92}.Debug|x64.Build.0 = Debug|Any CPU
		{26EBADBB-48DB-40CD-B55F-900622247B92}.Debug|x86.ActiveCfg = Debug|Any CPU
		{26EBADBB-48DB-40CD-B55F-900622247B92}.Debug|x86.Build.0 = Debug|Any CPU
		{26EBADBB-48DB-40CD-B55F-900622247B92}.Release|Any CPU.ActiveCfg = Release|Any CPU
		{26EBADBB-48DB-40CD-B55F-900622247B92}.Release|Any CPU.Build.0 = Release|Any CPU
		{26EBADBB-48DB-40CD-B55F-900622247B92}.Release|ARM.ActiveCfg = Release|Any CPU
		{26EBADBB-48DB-40CD-B55F-900622247B92}.Release|ARM.Build.0 = Release|Any CPU
		{26EBADBB-48DB-40CD-B55F-900622247B92}.Release|x64.ActiveCfg = Release|Any CPU
		{26EBADBB-48DB-40CD-B55F-900622247B92}.Release|x64.Build.0 = Release|Any CPU
		{26EBADBB-48DB-40CD-B55F-900622247B92}.Release|x86.ActiveCfg = Release|Any CPU
		{26EBADBB-48DB-40CD-B55F-900622247B92}.Release|x86.Build.0 = Release|Any CPU
		{86499DA5-EC40-45D2-AAD7-B68BE4FA1216}.Debug|Any CPU.ActiveCfg = Debug|Any CPU
		{86499DA5-EC40-45D2-AAD7-B68BE4FA1216}.Debug|Any CPU.Build.0 = Debug|Any CPU
		{86499DA5-EC40-45D2-AAD7-B68BE4FA1216}.Debug|ARM.ActiveCfg = Debug|Any CPU
		{86499DA5-EC40-45D2-AAD7-B68BE4FA1216}.Debug|ARM.Build.0 = Debug|Any CPU
		{86499DA5-EC40-45D2-AAD7-B68BE4FA1216}.Debug|x64.ActiveCfg = Debug|Any CPU
		{86499DA5-EC40-45D2-AAD7-B68BE4FA1216}.Debug|x64.Build.0 = Debug|Any CPU
		{86499DA5-EC40-45D2-AAD7-B68BE4FA1216}.Debug|x86.ActiveCfg = Debug|Any CPU
		{86499DA5-EC40-45D2-AAD7-B68BE4FA1216}.Debug|x86.Build.0 = Debug|Any CPU
		{86499DA5-EC40-45D2-AAD7-B68BE4FA1216}.Release|Any CPU.ActiveCfg = Release|Any CPU
		{86499DA5-EC40-45D2-AAD7-B68BE4FA1216}.Release|Any CPU.Build.0 = Release|Any CPU
		{86499DA5-EC40-45D2-AAD7-B68BE4FA1216}.Release|ARM.ActiveCfg = Release|Any CPU
		{86499DA5-EC40-45D2-AAD7-B68BE4FA1216}.Release|ARM.Build.0 = Release|Any CPU
		{86499DA5-EC40-45D2-AAD7-B68BE4FA1216}.Release|x64.ActiveCfg = Release|Any CPU
		{86499DA5-EC40-45D2-AAD7-B68BE4FA1216}.Release|x64.Build.0 = Release|Any CPU
		{86499DA5-EC40-45D2-AAD7-B68BE4FA1216}.Release|x86.ActiveCfg = Release|Any CPU
		{86499DA5-EC40-45D2-AAD7-B68BE4FA1216}.Release|x86.Build.0 = Release|Any CPU
	EndGlobalSection
	GlobalSection(SolutionProperties) = preSolution
		HideSolutionNode = FALSE
	EndGlobalSection
	GlobalSection(ExtensibilityGlobals) = postSolution
		SolutionGuid = {4770E478-E348-420E-9211-2B539742A09C}
	EndGlobalSection
EndGlobal
